
Microsoft Visual Studio Solution File, Format Version 12.00
# Visual Studio Version 17
VisualStudioVersion = 17.14.36202.13 d17.14
MinimumVisualStudioVersion = 10.0.40219.1
Project("{FAE04EC0-301F-11D3-BF4B-00C04F79EFBC}") = "P2 gabriel", "P2 gabriel\P2 gabriel.csproj", "{489AE377-FFE7-4CCD-B0DE-36149138227D}"
EndProject
Global
	GlobalSection(SolutionConfigurationPlatforms) = preSolution
		Debug|Any CPU = Debug|Any CPU
		Release|Any CPU = Release|Any CPU
	EndGlobalSection
	GlobalSection(ProjectConfigurationPlatforms) = postSolution
		{489AE377-FFE7-4CCD-B0DE-36149138227D}.Debug|Any CPU.ActiveCfg = Debug|Any CPU
		{489AE377-FFE7-4CCD-B0DE-36149138227D}.Debug|Any CPU.Build.0 = Debug|Any CPU
		{489AE377-FFE7-4CCD-B0DE-36149138227D}.Release|Any CPU.ActiveCfg = Release|Any CPU
		{489AE377-FFE7-4CCD-B0DE-36149138227D}.Release|Any CPU.Build.0 = Release|Any CPU
	EndGlobalSection
	GlobalSection(SolutionProperties) = preSolution
		HideSolutionNode = FALSE
	EndGlobalSection
	GlobalSection(ExtensibilityGlobals) = postSolution
		SolutionGuid = {605C90E5-5E91-4246-93FD-EC1CFFDBA045}
	EndGlobalSection
EndGlobal
